// !$*UTF8*$!
{
	archiveVersion = 1;
	classes = {
	};
	objectVersion = 46;
	objects = {

/* Begin PBXBuildFile section */
		8DEC649C1B7A3C48001F0259 /* main.m in Sources */ = {isa = PBXBuildFile; fileRef = 8DEC649B1B7A3C48001F0259 /* main.m */; };
		8DEC649F1B7A3C48001F0259 /* AppDelegate.m in Sources */ = {isa = PBXBuildFile; fileRef = 8DEC649E1B7A3C48001F0259 /* AppDelegate.m */; };
		8DEC64A21B7A3C48001F0259 /* DataDisplay.xcdatamodeld in Sources */ = {isa = PBXBuildFile; fileRef = 8DEC64A01B7A3C48001F0259 /* DataDisplay.xcdatamodeld */; };
		8DEC64A51B7A3C48001F0259 /* ViewController.m in Sources */ = {isa = PBXBuildFile; fileRef = 8DEC64A41B7A3C48001F0259 /* ViewController.m */; };
		8DEC64A81B7A3C48001F0259 /* Main.storyboard in Resources */ = {isa = PBXBuildFile; fileRef = 8DEC64A61B7A3C48001F0259 /* Main.storyboard */; };
		8DEC64AA1B7A3C48001F0259 /* Images.xcassets in Resources */ = {isa = PBXBuildFile; fileRef = 8DEC64A91B7A3C48001F0259 /* Images.xcassets */; };
		8DEC64AD1B7A3C48001F0259 /* LaunchScreen.xib in Resources */ = {isa = PBXBuildFile; fileRef = 8DEC64AB1B7A3C48001F0259 /* LaunchScreen.xib */; };
		8DEC64B91B7A3C48001F0259 /* DataDisplayTests.m in Sources */ = {isa = PBXBuildFile; fileRef = 8DEC64B81B7A3C48001F0259 /* DataDisplayTests.m */; };
/* End PBXBuildFile section */

/* Begin PBXContainerItemProxy section */
		8DEC64B31B7A3C48001F0259 /* PBXContainerItemProxy */ = {
			isa = PBXContainerItemProxy;
			containerPortal = 8DEC648E1B7A3C48001F0259 /* Project object */;
			proxyType = 1;
			remoteGlobalIDString = 8DEC64951B7A3C48001F0259;
			remoteInfo = DataDisplay;
		};
/* End PBXContainerItemProxy section */

/* Begin PBXFileReference section */
		8DEC64961B7A3C48001F0259 /* DataDisplay.app */ = {isa = PBXFileReference; explicitFileType = wrapper.application; includeInIndex = 0; path = DataDisplay.app; sourceTree = BUILT_PRODUCTS_DIR; };
		8DEC649A1B7A3C48001F0259 /* Info.plist */ = {isa = PBXFileReference; lastKnownFileType = text.plist.xml; path = Info.plist; sourceTree = "<group>"; };
		8DEC649B1B7A3C48001F0259 /* main.m */ = {isa = PBXFileReference; lastKnownFileType = sourcecode.c.objc; path = main.m; sourceTree = "<group>"; };
		8DEC649D1B7A3C48001F0259 /* AppDelegate.h */ = {isa = PBXFileReference; lastKnownFileType = sourcecode.c.h; path = AppDelegate.h; sourceTree = "<group>"; };
		8DEC649E1B7A3C48001F0259 /* AppDelegate.m */ = {isa = PBXFileReference; lastKnownFileType = sourcecode.c.objc; path = AppDelegate.m; sourceTree = "<group>"; };
		8DEC64A11B7A3C48001F0259 /* DataDisplay.xcdatamodel */ = {isa = PBXFileReference; lastKnownFileType = wrapper.xcdatamodel; path = DataDisplay.xcdatamodel; sourceTree = "<group>"; };
		8DEC64A31B7A3C48001F0259 /* ViewController.h */ = {isa = PBXFileReference; lastKnownFileType = sourcecode.c.h; path = ViewController.h; sourceTree = "<group>"; };
		8DEC64A41B7A3C48001F0259 /* ViewController.m */ = {isa = PBXFileReference; lastKnownFileType = sourcecode.c.objc; path = ViewController.m; sourceTree = "<group>"; };
		8DEC64A71B7A3C48001F0259 /* Base */ = {isa = PBXFileReference; lastKnownFileType = file.storyboard; name = Base; path = Base.lproj/Main.storyboard; sourceTree = "<group>"; };
		8DEC64A91B7A3C48001F0259 /* Images.xcassets */ = {isa = PBXFileReference; lastKnownFileType = folder.assetcatalog; path = Images.xcassets; sourceTree = "<group>"; };
		8DEC64AC1B7A3C48001F0259 /* Base */ = {isa = PBXFileReference; lastKnownFileType = file.xib; name = Base; path = Base.lproj/LaunchScreen.xib; sourceTree = "<group>"; };
		8DEC64B21B7A3C48001F0259 /* DataDisplayTests.xctest */ = {isa = PBXFileReference; explicitFileType = wrapper.cfbundle; includeInIndex = 0; path = DataDisplayTests.xctest; sourceTree = BUILT_PRODUCTS_DIR; };
		8DEC64B71B7A3C48001F0259 /* Info.plist */ = {isa = PBXFileReference; lastKnownFileType = text.plist.xml; path = Info.plist; sourceTree = "<group>"; };
		8DEC64B81B7A3C48001F0259 /* DataDisplayTests.m */ = {isa = PBXFileReference; lastKnownFileType = sourcecode.c.objc; path = DataDisplayTests.m; sourceTree = "<group>"; };
/* End PBXFileReference section */

/* Begin PBXFrameworksBuildPhase section */
		8DEC64931B7A3C48001F0259 /* Frameworks */ = {
			isa = PBXFrameworksBuildPhase;
			buildActionMask = 2147483647;
			files = (
			);
			runOnlyForDeploymentPostprocessing = 0;
		};
		8DEC64AF1B7A3C48001F0259 /* Frameworks */ = {
			isa = PBXFrameworksBuildPhase;
			buildActionMask = 2147483647;
			files = (
			);
			runOnlyForDeploymentPostprocessing = 0;
		};
/* End PBXFrameworksBuildPhase section */

/* Begin PBXGroup section */
		8DEC648D1B7A3C48001F0259 = {
			isa = PBXGroup;
			children = (
				8DEC64981B7A3C48001F0259 /* DataDisplay */,
				8DEC64B51B7A3C48001F0259 /* DataDisplayTests */,
				8DEC64971B7A3C48001F0259 /* Products */,
			);
			sourceTree = "<group>";
		};
		8DEC64971B7A3C48001F0259 /* Products */ = {
			isa = PBXGroup;
			children = (
				8DEC64961B7A3C48001F0259 /* DataDisplay.app */,
				8DEC64B21B7A3C48001F0259 /* DataDisplayTests.xctest */,
			);
			name = Products;
			sourceTree = "<group>";
		};
		8DEC64981B7A3C48001F0259 /* DataDisplay */ = {
			isa = PBXGroup;
			children = (
				8DEC649D1B7A3C48001F0259 /* AppDelegate.h */,
				8DEC649E1B7A3C48001F0259 /* AppDelegate.m */,
				8DEC64A31B7A3C48001F0259 /* ViewController.h */,
				8DEC64A41B7A3C48001F0259 /* ViewController.m */,
				8DEC64A61B7A3C48001F0259 /* Main.storyboard */,
				8DEC64A91B7A3C48001F0259 /* Images.xcassets */,
				8DEC64AB1B7A3C48001F0259 /* LaunchScreen.xib */,
				8DEC64A01B7A3C48001F0259 /* DataDisplay.xcdatamodeld */,
				8DEC64991B7A3C48001F0259 /* Supporting Files */,
			);
			path = DataDisplay;
			sourceTree = "<group>";
		};
		8DEC64991B7A3C48001F0259 /* Supporting Files */ = {
			isa = PBXGroup;
			children = (
				8DEC649A1B7A3C48001F0259 /* Info.plist */,
				8DEC649B1B7A3C48001F0259 /* main.m */,
			);
			name = "Supporting Files";
			sourceTree = "<group>";
		};
		8DEC64B51B7A3C48001F0259 /* DataDisplayTests */ = {
			isa = PBXGroup;
			children = (
				8DEC64B81B7A3C48001F0259 /* DataDisplayTests.m */,
				8DEC64B61B7A3C48001F0259 /* Supporting Files */,
			);
			path = DataDisplayTests;
			sourceTree = "<group>";
		};
		8DEC64B61B7A3C48001F0259 /* Supporting Files */ = {
			isa = PBXGroup;
			children = (
				8DEC64B71B7A3C48001F0259 /* Info.plist */,
			);
			name = "Supporting Files";
			sourceTree = "<group>";
		};
/* End PBXGroup section */

/* Begin PBXNativeTarget section */
		8DEC64951B7A3C48001F0259 /* DataDisplay */ = {
			isa = PBXNativeTarget;
			buildConfigurationList = 8DEC64BC1B7A3C48001F0259 /* Build configuration list for PBXNativeTarget "DataDisplay" */;
			buildPhases = (
				8DEC64921B7A3C48001F0259 /* Sources */,
				8DEC64931B7A3C48001F0259 /* Frameworks */,
				8DEC64941B7A3C48001F0259 /* Resources */,
			);
			buildRules = (
			);
			dependencies = (
			);
			name = DataDisplay;
			productName = DataDisplay;
			productReference = 8DEC64961B7A3C48001F0259 /* DataDisplay.app */;
			productType = "com.apple.product-type.application";
		};
		8DEC64B11B7A3C48001F0259 /* DataDisplayTests */ = {
			isa = PBXNativeTarget;
			buildConfigurationList = 8DEC64BF1B7A3C48001F0259 /* Build configuration list for PBXNativeTarget "DataDisplayTests" */;
			buildPhases = (
				8DEC64AE1B7A3C48001F0259 /* Sources */,
				8DEC64AF1B7A3C48001F0259 /* Frameworks */,
				8DEC64B01B7A3C48001F0259 /* Resources */,
			);
			buildRules = (
			);
			dependencies = (
				8DEC64B41B7A3C48001F0259 /* PBXTargetDependency */,
			);
			name = DataDisplayTests;
			productName = DataDisplayTests;
			productReference = 8DEC64B21B7A3C48001F0259 /* DataDisplayTests.xctest */;
			productType = "com.apple.product-type.bundle.unit-test";
		};
/* End PBXNativeTarget section */

/* Begin PBXProject section */
		8DEC648E1B7A3C48001F0259 /* Project object */ = {
			isa = PBXProject;
			attributes = {
				LastUpgradeCheck = 0640;
				ORGANIZATIONNAME = "Prathibha Venkatesh";
				TargetAttributes = {
					8DEC64951B7A3C48001F0259 = {
						CreatedOnToolsVersion = 6.4;
					};
					8DEC64B11B7A3C48001F0259 = {
						CreatedOnToolsVersion = 6.4;
						TestTargetID = 8DEC64951B7A3C48001F0259;
					};
				};
			};
			buildConfigurationList = 8DEC64911B7A3C48001F0259 /* Build configuration list for PBXProject "DataDisplay" */;
			compatibilityVersion = "Xcode 3.2";
			developmentRegion = English;
			hasScannedForEncodings = 0;
			knownRegions = (
				en,
				Base,
			);
			mainGroup = 8DEC648D1B7A3C48001F0259;
			productRefGroup = 8DEC64971B7A3C48001F0259 /* Products */;
			projectDirPath = "";
			projectRoot = "";
			targets = (
				8DEC64951B7A3C48001F0259 /* DataDisplay */,
				8DEC64B11B7A3C48001F0259 /* DataDisplayTests */,
			);
		};
/* End PBXProject section */

/* Begin PBXResourcesBuildPhase section */
		8DEC64941B7A3C48001F0259 /* Resources */ = {
			isa = PBXResourcesBuildPhase;
			buildActionMask = 2147483647;
			files = (
				8DEC64A81B7A3C48001F0259 /* Main.storyboard in Resources */,
				8DEC64AD1B7A3C48001F0259 /* LaunchScreen.xib in Resources */,
				8DEC64AA1B7A3C48001F0259 /* Images.xcassets in Resources */,
			);
			runOnlyForDeploymentPostprocessing = 0;
		};
		8DEC64B01B7A3C48001F0259 /* Resources */ = {
			isa = PBXResourcesBuildPhase;
			buildActionMask = 2147483647;
			files = (
			);
			runOnlyForDeploymentPostprocessing = 0;
		};
/* End PBXResourcesBuildPhase section */

/* Begin PBXSourcesBuildPhase section */
		8DEC64921B7A3C48001F0259 /* Sources */ = {
			isa = PBXSourcesBuildPhase;
			buildActionMask = 2147483647;
			files = (
				8DEC649F1B7A3C48001F0259 /* AppDelegate.m in Sources */,
				8DEC64A21B7A3C48001F0259 /* DataDisplay.xcdatamodeld in Sources */,
				8DEC64A51B7A3C48001F0259 /* ViewController.m in Sources */,
				8DEC649C1B7A3C48001F0259 /* main.m in Sources */,
			);
			runOnlyForDeploymentPostprocessing = 0;
		};
		8DEC64AE1B7A3C48001F0259 /* Sources */ = {
			isa = PBXSourcesBuildPhase;
			buildActionMask = 2147483647;
			files = (
				8DEC64B91B7A3C48001F0259 /* DataDisplayTests.m in Sources */,
			);
			runOnlyForDeploymentPostprocessing = 0;
		};
/* End PBXSourcesBuildPhase section */

/* Begin PBXTargetDependency section */
		8DEC64B41B7A3C48001F0259 /* PBXTargetDependency */ = {
			isa = PBXTargetDependency;
			target = 8DEC64951B7A3C48001F0259 /* DataDisplay */;
			targetProxy = 8DEC64B31B7A3C48001F0259 /* PBXContainerItemProxy */;
		};
/* End PBXTargetDependency section */

/* Begin PBXVariantGroup section */
		8DEC64A61B7A3C48001F0259 /* Main.storyboard */ = {
			isa = PBXVariantGroup;
			children = (
				8DEC64A71B7A3C48001F0259 /* Base */,
			);
			name = Main.storyboard;
			sourceTree = "<group>";
		};
		8DEC64AB1B7A3C48001F0259 /* LaunchScreen.xib */ = {
			isa = PBXVariantGroup;
			children = (
				8DEC64AC1B7A3C48001F0259 /* Base */,
			);
			name = LaunchScreen.xib;
			sourceTree = "<group>";
		};
/* End PBXVariantGroup section */

/* Begin XCBuildConfiguration section */
		8DEC64BA1B7A3C48001F0259 /* Debug */ = {
			isa = XCBuildConfiguration;
			buildSettings = {
				ALWAYS_SEARCH_USER_PATHS = NO;
				CLANG_CXX_LANGUAGE_STANDARD = "gnu++0x";
				CLANG_CXX_LIBRARY = "libc++";
				CLANG_ENABLE_MODULES = YES;
				CLANG_ENABLE_OBJC_ARC = YES;
				CLANG_WARN_BOOL_CONVERSION = YES;
				CLANG_WARN_CONSTANT_CONVERSION = YES;
				CLANG_WARN_DIRECT_OBJC_ISA_USAGE = YES_ERROR;
				CLANG_WARN_EMPTY_BODY = YES;
				CLANG_WARN_ENUM_CONVERSION = YES;
				CLANG_WARN_INT_CONVERSION = YES;
				CLANG_WARN_OBJC_ROOT_CLASS = YES_ERROR;
				CLANG_WARN_UNREACHABLE_CODE = YES;
				CLANG_WARN__DUPLICATE_METHOD_MATCH = YES;
				"CODE_SIGN_IDENTITY[sdk=iphoneos*]" = "iPhone Developer";
				COPY_PHASE_STRIP = NO;
				DEBUG_INFORMATION_FORMAT = "dwarf-with-dsym";
				ENABLE_STRICT_OBJC_MSGSEND = YES;
				GCC_C_LANGUAGE_STANDARD = gnu99;
				GCC_DYNAMIC_NO_PIC = NO;
				GCC_NO_COMMON_BLOCKS = YES;
				GCC_OPTIMIZATION_LEVEL = 0;
				GCC_PREPROCESSOR_DEFINITIONS = (
					"DEBUG=1",
					"$(inherited)",
				);
				GCC_SYMBOLS_PRIVATE_EXTERN = NO;
				GCC_WARN_64_TO_32_BIT_CONVERSION = YES;
				GCC_WARN_ABOUT_RETURN_TYPE = YES_ERROR;
				GCC_WARN_UNDECLARED_SELECTOR = YES;
				GCC_WARN_UNINITIALIZED_AUTOS = YES_AGGRESSIVE;
				GCC_WARN_UNUSED_FUNCTION = YES;
				GCC_WARN_UNUSED_VARIABLE = YES;
				IPHONEOS_DEPLOYMENT_TARGET = 8.4;
				MTL_ENABLE_DEBUG_INFO = YES;
				ONLY_ACTIVE_ARCH = YES;
				SDKROOT = iphoneos;
			};
			name = Debug;
		};
		8DEC64BB1B7A3C48001F0259 /* Release */ = {
			isa = XCBuildConfiguration;
			buildSettings = {
				ALWAYS_SEARCH_USER_PATHS = NO;
				CLANG_CXX_LANGUAGE_STANDARD = "gnu++0x";
				CLANG_CXX_LIBRARY = "libc++";
				CLANG_ENABLE_MODULES = YES;
				CLANG_ENABLE_OBJC_ARC = YES;
				CLANG_WARN_BOOL_CONVERSION = YES;
				CLANG_WARN_CONSTANT_CONVERSION = YES;
				CLANG_WARN_DIRECT_OBJC_ISA_USAGE = YES_ERROR;
				CLANG_WARN_EMPTY_BODY = YES;
				CLANG_WARN_ENUM_CONVERSION = YES;
				CLANG_WARN_INT_CONVERSION = YES;
				CLANG_WARN_OBJC_ROOT_CLASS = YES_ERROR;
				CLANG_WARN_UNREACHABLE_CODE = YES;
				CLANG_WARN__DUPLICATE_METHOD_MATCH = YES;
				"CODE_SIGN_IDENTITY[sdk=iphoneos*]" = "iPhone Developer";
				COPY_PHASE_STRIP = NO;
				DEBUG_INFORMATION_FORMAT = "dwarf-with-dsym";
				ENABLE_NS_ASSERTIONS = NO;
				ENABLE_STRICT_OBJC_MSGSEND = YES;
				GCC_C_LANGUAGE_STANDARD = gnu99;
				GCC_NO_COMMON_BLOCKS = YES;
				GCC_WARN_64_TO_32_BIT_CONVERSION = YES;
				GCC_WARN_ABOUT_RETURN_TYPE = YES_ERROR;
				GCC_WARN_UNDECLARED_SELECTOR = YES;
				GCC_WARN_UNINITIALIZED_AUTOS = YES_AGGRESSIVE;
				GCC_WARN_UNUSED_FUNCTION = YES;
				GCC_WARN_UNUSED_VARIABLE = YES;
				IPHONEOS_DEPLOYMENT_TARGET = 8.4;
				MTL_ENABLE_DEBUG_INFO = NO;
				SDKROOT = iphoneos;
				VALIDATE_PRODUCT = YES;
			};
			name = Release;
		};
		8DEC64BD1B7A3C48001F0259 /* Debug */ = {
			isa = XCBuildConfiguration;
			buildSettings = {
				ASSETCATALOG_COMPILER_APPICON_NAME = AppIcon;
				INFOPLIST_FILE = DataDisplay/Info.plist;
				LD_RUNPATH_SEARCH_PATHS = "$(inherited) @executable_path/Frameworks";
				PRODUCT_NAME = "$(TARGET_NAME)";
			};
			name = Debug;
		};
		8DEC64BE1B7A3C48001F0259 /* Release */ = {
			isa = XCBuildConfiguration;
			buildSettings = {
				ASSETCATALOG_COMPILER_APPICON_NAME = AppIcon;
				INFOPLIST_FILE = DataDisplay/Info.plist;
				LD_RUNPATH_SEARCH_PATHS = "$(inherited) @executable_path/Frameworks";
				PRODUCT_NAME = "$(TARGET_NAME)";
			};
			name = Release;
		};
		8DEC64C01B7A3C48001F0259 /* Debug */ = {
			isa = XCBuildConfiguration;
			buildSettings = {
				BUNDLE_LOADER = "$(TEST_HOST)";
				FRAMEWORK_SEARCH_PATHS = (
					"$(SDKROOT)/Developer/Library/Frameworks",
					"$(inherited)",
				);
				GCC_PREPROCESSOR_DEFINITIONS = (
					"DEBUG=1",
					"$(inherited)",
				);
				INFOPLIST_FILE = DataDisplayTests/Info.plist;
				LD_RUNPATH_SEARCH_PATHS = "$(inherited) @executable_path/Frameworks @loader_path/Frameworks";
				PRODUCT_NAME = "$(TARGET_NAME)";
				TEST_HOST = "$(BUILT_PRODUCTS_DIR)/DataDisplay.app/DataDisplay";
			};
			name = Debug;
		};
		8DEC64C11B7A3C48001F0259 /* Release */ = {
			isa = XCBuildConfiguration;
			buildSettings = {
				BUNDLE_LOADER = "$(TEST_HOST)";
				FRAMEWORK_SEARCH_PATHS = (
					"$(SDKROOT)/Developer/Library/Frameworks",
					"$(inherited)",
				);
				INFOPLIST_FILE = DataDisplayTests/Info.plist;
				LD_RUNPATH_SEARCH_PATHS = "$(inherited) @executable_path/Frameworks @loader_path/Frameworks";
				PRODUCT_NAME = "$(TARGET_NAME)";
				TEST_HOST = "$(BUILT_PRODUCTS_DIR)/DataDisplay.app/DataDisplay";
			};
			name = Release;
		};
/* End XCBuildConfiguration section */

/* Begin XCConfigurationList section */
		8DEC64911B7A3C48001F0259 /* Build configuration list for PBXProject "DataDisplay" */ = {
			isa = XCConfigurationList;
			buildConfigurations = (
				8DEC64BA1B7A3C48001F0259 /* Debug */,
				8DEC64BB1B7A3C48001F0259 /* Release */,
			);
			defaultConfigurationIsVisible = 0;
			defaultConfigurationName = Release;
		};
		8DEC64BC1B7A3C48001F0259 /* Build configuration list for PBXNativeTarget "DataDisplay" */ = {
			isa = XCConfigurationList;
			buildConfigurations = (
				8DEC64BD1B7A3C48001F0259 /* Debug */,
				8DEC64BE1B7A3C48001F0259 /* Release */,
			);
			defaultConfigurationIsVisible = 0;
		};
		8DEC64BF1B7A3C48001F0259 /* Build configuration list for PBXNativeTarget "DataDisplayTests" */ = {
			isa = XCConfigurationList;
			buildConfigurations = (
				8DEC64C01B7A3C48001F0259 /* Debug */,
				8DEC64C11B7A3C48001F0259 /* Release */,
			);
			defaultConfigurationIsVisible = 0;
		};
/* End XCConfigurationList section */

/* Begin XCVersionGroup section */
		8DEC64A01B7A3C48001F0259 /* DataDisplay.xcdatamodeld */ = {
			isa = XCVersionGroup;
			children = (
				8DEC64A11B7A3C48001F0259 /* DataDisplay.xcdatamodel */,
			);
			currentVersion = 8DEC64A11B7A3C48001F0259 /* DataDisplay.xcdatamodel */;
			path = DataDisplay.xcdatamodeld;
			sourceTree = "<group>";
			versionGroupType = wrapper.xcdatamodel;
		};
/* End XCVersionGroup section */
	};
	rootObject = 8DEC648E1B7A3C48001F0259 /* Project object */;
}
